
Microsoft Visual Studio Solution File, Format Version 12.00
# Visual Studio Version 17
VisualStudioVersion = 17.12.35527.113 d17.12
MinimumVisualStudioVersion = 10.0.40219.1
Project("{2150E333-8FDC-42A3-9474-1A3956D46DE8}") = "ProductService", "ProductService", "{41E244C8-EC50-4371-AEC7-0BB4B8BE699C}"
EndProject
Project("{2150E333-8FDC-42A3-9474-1A3956D46DE8}") = "CategoryService", "CategoryService", "{74DF6E80-3847-4C24-ACAF-F15EB9C96570}"
EndProject
Project("{2150E333-8FDC-42A3-9474-1A3956D46DE8}") = "src", "src", "{D4DC05D8-55D0-41D5-A39D-90DE91D52B8B}"
EndProject
Project("{2150E333-8FDC-42A3-9474-1A3956D46DE8}") = "test", "test", "{7F1F6318-8691-4CC7-A3A6-04C213CF08A4}"
EndProject
Project("{2150E333-8FDC-42A3-9474-1A3956D46DE8}") = "src", "src", "{8AC1709A-4240-4224-99A7-085321EEE752}"
EndProject
Project("{2150E333-8FDC-42A3-9474-1A3956D46DE8}") = "test", "test", "{453DE23D-B7F1-45B4-B46A-02912539FD3F}"
EndProject
Project("{FAE04EC0-301F-11D3-BF4B-00C04F79EFBC}") = "ProductService.API", "ProductService\src\ProductService.API\ProductService.API.csproj", "{04878017-850A-43C5-AE32-D279761A62D7}"
EndProject
Project("{FAE04EC0-301F-11D3-BF4B-00C04F79EFBC}") = "CategoryService.API", "CategoryService\src\CategoryService.API\CategoryService.API.csproj", "{492AE97D-BCA8-4A0D-9E42-385779B30B53}"
EndProject
Project("{2150E333-8FDC-42A3-9474-1A3956D46DE8}") = "ProductManagement", "ProductManagement", "{F88E6319-4D51-4475-8C6E-08A188C37022}"
EndProject
Project("{2150E333-8FDC-42A3-9474-1A3956D46DE8}") = "src", "src", "{1E9384E7-322D-4B1E-A82D-5172ADF10336}"
EndProject
Project("{FAE04EC0-301F-11D3-BF4B-00C04F79EFBC}") = "ProductManagement.Domain", "ProductManagement\src\ProductManagement.Domain\ProductManagement.Domain.csproj", "{30D78338-4EB8-464F-BD98-B2BCDF393696}"
EndProject
Project("{FAE04EC0-301F-11D3-BF4B-00C04F79EFBC}") = "ProductManagement.Infrastructure", "ProductManagement\src\ProductManagement.Infrastructure\ProductManagement.Infrastructure.csproj", "{C418FB1D-39C3-4B1C-BEA2-7F9D296E301F}"
EndProject
Project("{FAE04EC0-301F-11D3-BF4B-00C04F79EFBC}") = "ProductService.Tests", "ProductService\test\ProductService.Tests\ProductService.Tests.csproj", "{5EFE9F66-F277-4E79-B27E-4FC2B645B042}"
EndProject
Project("{FAE04EC0-301F-11D3-BF4B-00C04F79EFBC}") = "CategoryService.Tests", "CategoryService\test\CategoryService.Tests\CategoryService.Tests.csproj", "{D652F671-3B39-40E9-B50C-A73C22E38B80}"
EndProject
Global
	GlobalSection(SolutionConfigurationPlatforms) = preSolution
		Debug|Any CPU = Debug|Any CPU
		Release|Any CPU = Release|Any CPU
	EndGlobalSection
	GlobalSection(ProjectConfigurationPlatforms) = postSolution
		{04878017-850A-43C5-AE32-D279761A62D7}.Debug|Any CPU.ActiveCfg = Debug|Any CPU
		{04878017-850A-43C5-AE32-D279761A62D7}.Debug|Any CPU.Build.0 = Debug|Any CPU
		{04878017-850A-43C5-AE32-D279761A62D7}.Release|Any CPU.ActiveCfg = Release|Any CPU
		{04878017-850A-43C5-AE32-D279761A62D7}.Release|Any CPU.Build.0 = Release|Any CPU
		{492AE97D-BCA8-4A0D-9E42-385779B30B53}.Debug|Any CPU.ActiveCfg = Debug|Any CPU
		{492AE97D-BCA8-4A0D-9E42-385779B30B53}.Debug|Any CPU.Build.0 = Debug|Any CPU
		{492AE97D-BCA8-4A0D-9E42-385779B30B53}.Release|Any CPU.ActiveCfg = Release|Any CPU
		{492AE97D-BCA8-4A0D-9E42-385779B30B53}.Release|Any CPU.Build.0 = Release|Any CPU
		{30D78338-4EB8-464F-BD98-B2BCDF393696}.Debug|Any CPU.ActiveCfg = Debug|Any CPU
		{30D78338-4EB8-464F-BD98-B2BCDF393696}.Debug|Any CPU.Build.0 = Debug|Any CPU
		{30D78338-4EB8-464F-BD98-B2BCDF393696}.Release|Any CPU.ActiveCfg = Release|Any CPU
		{30D78338-4EB8-464F-BD98-B2BCDF393696}.Release|Any CPU.Build.0 = Release|Any CPU
		{C418FB1D-39C3-4B1C-BEA2-7F9D296E301F}.Debug|Any CPU.ActiveCfg = Debug|Any CPU
		{C418FB1D-39C3-4B1C-BEA2-7F9D296E301F}.Debug|Any CPU.Build.0 = Debug|Any CPU
		{C418FB1D-39C3-4B1C-BEA2-7F9D296E301F}.Release|Any CPU.ActiveCfg = Release|Any CPU
		{C418FB1D-39C3-4B1C-BEA2-7F9D296E301F}.Release|Any CPU.Build.0 = Release|Any CPU
		{5EFE9F66-F277-4E79-B27E-4FC2B645B042}.Debug|Any CPU.ActiveCfg = Debug|Any CPU
		{5EFE9F66-F277-4E79-B27E-4FC2B645B042}.Debug|Any CPU.Build.0 = Debug|Any CPU
		{5EFE9F66-F277-4E79-B27E-4FC2B645B042}.Release|Any CPU.ActiveCfg = Release|Any CPU
		{5EFE9F66-F277-4E79-B27E-4FC2B645B042}.Release|Any CPU.Build.0 = Release|Any CPU
		{D652F671-3B39-40E9-B50C-A73C22E38B80}.Debug|Any CPU.ActiveCfg = Debug|Any CPU
		{D652F671-3B39-40E9-B50C-A73C22E38B80}.Debug|Any CPU.Build.0 = Debug|Any CPU
		{D652F671-3B39-40E9-B50C-A73C22E38B80}.Release|Any CPU.ActiveCfg = Release|Any CPU
		{D652F671-3B39-40E9-B50C-A73C22E38B80}.Release|Any CPU.Build.0 = Release|Any CPU
	EndGlobalSection
	GlobalSection(SolutionProperties) = preSolution
		HideSolutionNode = FALSE
	EndGlobalSection
	GlobalSection(NestedProjects) = preSolution
		{D4DC05D8-55D0-41D5-A39D-90DE91D52B8B} = {74DF6E80-3847-4C24-ACAF-F15EB9C96570}
		{7F1F6318-8691-4CC7-A3A6-04C213CF08A4} = {74DF6E80-3847-4C24-ACAF-F15EB9C96570}
		{8AC1709A-4240-4224-99A7-085321EEE752} = {41E244C8-EC50-4371-AEC7-0BB4B8BE699C}
		{453DE23D-B7F1-45B4-B46A-02912539FD3F} = {41E244C8-EC50-4371-AEC7-0BB4B8BE699C}
		{04878017-850A-43C5-AE32-D279761A62D7} = {8AC1709A-4240-4224-99A7-085321EEE752}
		{492AE97D-BCA8-4A0D-9E42-385779B30B53} = {D4DC05D8-55D0-41D5-A39D-90DE91D52B8B}
		{1E9384E7-322D-4B1E-A82D-5172ADF10336} = {F88E6319-4D51-4475-8C6E-08A188C37022}
		{30D78338-4EB8-464F-BD98-B2BCDF393696} = {1E9384E7-322D-4B1E-A82D-5172ADF10336}
		{C418FB1D-39C3-4B1C-BEA2-7F9D296E301F} = {1E9384E7-322D-4B1E-A82D-5172ADF10336}
		{5EFE9F66-F277-4E79-B27E-4FC2B645B042} = {453DE23D-B7F1-45B4-B46A-02912539FD3F}
		{D652F671-3B39-40E9-B50C-A73C22E38B80} = {7F1F6318-8691-4CC7-A3A6-04C213CF08A4}
	EndGlobalSection
EndGlobal
